// !$*UTF8*$!
{
	archiveVersion = 1;
	classes = {
	};
	objectVersion = 46;
	objects = {

/* Begin PBXAggregateTarget section */
		0B7FAE0819434362935FF792 /* ZERO_CHECK */ = {
			isa = PBXAggregateTarget;
			buildConfigurationList = 600B7F3806CC43CE9B47D008 /* Build configuration list for PBXAggregateTarget "ZERO_CHECK" */;
			buildPhases = (
				7198A305A4A84DEE89BE57DA /* CMake Rules */,
			);
			dependencies = (
			);
			name = ZERO_CHECK;
			productName = ZERO_CHECK;
		};
		CE55CA4F243B4ED8ACED0315 /* ALL_BUILD */ = {
			isa = PBXAggregateTarget;
			buildConfigurationList = 704F1ADFAE774E7087A68EB2 /* Build configuration list for PBXAggregateTarget "ALL_BUILD" */;
			buildPhases = (
				E980A7F013424286A31F2387 /* CMake Rules */,
			);
			dependencies = (
				67BF0998C7AC4691B3680737 /* PBXTargetDependency */,
				BED3E83514B64EBE91846678 /* PBXTargetDependency */,
			);
			name = ALL_BUILD;
			productName = ALL_BUILD;
		};
/* End PBXAggregateTarget section */

/* Begin PBXBuildFile section */
		8DA9AE6256E5435480D82600 /* main.cpp in Sources */ = {isa = PBXBuildFile; fileRef = 4F4598BDAFD74133A620CB6B /* main.cpp */; };
		95907D1C1F08428AB7F3A99D /* tools.cpp in Sources */ = {isa = PBXBuildFile; fileRef = 424B09993B4040D1A61FD1B4 /* tools.cpp */; };
		A524617DBB5541A29BF9F456 /* ukf.cpp in Sources */ = {isa = PBXBuildFile; fileRef = 2ECAEB0623A84B339260CECA /* ukf.cpp */; };
/* End PBXBuildFile section */

/* Begin PBXContainerItemProxy section */
		1A2CE89134E84272A68B41DD /* PBXContainerItemProxy */ = {
			isa = PBXContainerItemProxy;
			containerPortal = 2649C86F5AAE4C46BA5542F9 /* Project object */;
			proxyType = 1;
			remoteGlobalIDString = 0B7FAE0819434362935FF792;
			remoteInfo = ZERO_CHECK;
		};
		ED588EE0F4CF40A6AD4547AA /* PBXContainerItemProxy */ = {
			isa = PBXContainerItemProxy;
			containerPortal = 2649C86F5AAE4C46BA5542F9 /* Project object */;
			proxyType = 1;
			remoteGlobalIDString = 0B7FAE0819434362935FF792;
			remoteInfo = ZERO_CHECK;
		};
		FE490375F7174A4F9A244208 /* PBXContainerItemProxy */ = {
			isa = PBXContainerItemProxy;
			containerPortal = 2649C86F5AAE4C46BA5542F9 /* Project object */;
			proxyType = 1;
			remoteGlobalIDString = A53C9A170E6E464484B1911C;
			remoteInfo = UnscentedKF;
		};
/* End PBXContainerItemProxy section */

/* Begin PBXFileReference section */
		2ECAEB0623A84B339260CECA /* ukf.cpp */ = {isa = PBXFileReference; explicitFileType = sourcecode.cpp.cpp; fileEncoding = 4; indentWidth = 3; name = ukf.cpp; path = src/ukf.cpp; sourceTree = SOURCE_ROOT; };
		424B09993B4040D1A61FD1B4 /* tools.cpp */ = {isa = PBXFileReference; explicitFileType = sourcecode.cpp.cpp; fileEncoding = 4; name = tools.cpp; path = src/tools.cpp; sourceTree = SOURCE_ROOT; };
		4B089D27204B33A400589B1E /* ukf.h */ = {isa = PBXFileReference; fileEncoding = 4; lastKnownFileType = sourcecode.c.h; name = ukf.h; path = src/ukf.h; sourceTree = "<group>"; };
		4B089D28204BB19700589B1E /* json.hpp */ = {isa = PBXFileReference; fileEncoding = 4; lastKnownFileType = sourcecode.cpp.h; name = json.hpp; path = src/json.hpp; sourceTree = "<group>"; };
		4B089D29204BB1AB00589B1E /* tools.h */ = {isa = PBXFileReference; fileEncoding = 4; lastKnownFileType = sourcecode.c.h; name = tools.h; path = src/tools.h; sourceTree = "<group>"; };
		4B089D2A204BB1B500589B1E /* measurement_package.h */ = {isa = PBXFileReference; fileEncoding = 4; lastKnownFileType = sourcecode.c.h; name = measurement_package.h; path = src/measurement_package.h; sourceTree = "<group>"; };
		4F4598BDAFD74133A620CB6B /* main.cpp */ = {isa = PBXFileReference; explicitFileType = sourcecode.cpp.cpp; fileEncoding = 4; name = main.cpp; path = src/main.cpp; sourceTree = SOURCE_ROOT; };
		628A129F94284AFBA4A81977 /* CMakeLists.txt */ = {isa = PBXFileReference; explicitFileType = sourcecode.text; fileEncoding = 4; lastKnownFileType = text; path = CMakeLists.txt; sourceTree = SOURCE_ROOT; };
		7DCA5FB5CC314D59B73623BE /* CMakeLists.txt */ = {isa = PBXFileReference; explicitFileType = sourcecode.text; fileEncoding = 4; lastKnownFileType = text; path = CMakeLists.txt; sourceTree = SOURCE_ROOT; };
		9DF9FF55BDB44EBF8C3F755D /* CMakeLists.txt */ = {isa = PBXFileReference; explicitFileType = sourcecode.text; fileEncoding = 4; lastKnownFileType = text; path = CMakeLists.txt; sourceTree = SOURCE_ROOT; };
		CDAA002F15394D5589AE9A13 /* UnscentedKF */ = {isa = PBXFileReference; explicitFileType = "compiled.mach-o.executable"; path = UnscentedKF; sourceTree = BUILT_PRODUCTS_DIR; };
/* End PBXFileReference section */

/* Begin PBXGroup section */
		0DED508066804344ABFF9A7D /* Products */ = {
			isa = PBXGroup;
			children = (
				CDAA002F15394D5589AE9A13 /* UnscentedKF */,
			);
			name = Products;
			sourceTree = "<group>";
		};
		2E72B2EFB4FB4D69A2AD8054 = {
			isa = PBXGroup;
			children = (
				4E6BEB68BB744E7FA44A2E93 /* UnscentedKF */,
				E258A64F35684E4BA6C32A4E /* ALL_BUILD */,
				BDB29ABB9DEF47EF89CD3FC4 /* ZERO_CHECK */,
				0DED508066804344ABFF9A7D /* Products */,
			);
			sourceTree = "<group>";
		};
		4E6BEB68BB744E7FA44A2E93 /* UnscentedKF */ = {
			isa = PBXGroup;
			children = (
				C56F4C7EC7884FC88F6E9160 /* Source Files */,
				7DCA5FB5CC314D59B73623BE /* CMakeLists.txt */,
			);
			name = UnscentedKF;
			sourceTree = "<group>";
		};
		B2193CD1059645A5A06E6EA2 /* CMake Rules */ = {
			isa = PBXGroup;
			children = (
			);
			name = "CMake Rules";
			sourceTree = "<group>";
		};
		BDB29ABB9DEF47EF89CD3FC4 /* ZERO_CHECK */ = {
			isa = PBXGroup;
			children = (
				FF124BDFC212484EB78E2DCD /* CMake Rules */,
				628A129F94284AFBA4A81977 /* CMakeLists.txt */,
			);
			name = ZERO_CHECK;
			sourceTree = "<group>";
		};
		C56F4C7EC7884FC88F6E9160 /* Source Files */ = {
			isa = PBXGroup;
			children = (
				4B089D2A204BB1B500589B1E /* measurement_package.h */,
				4B089D29204BB1AB00589B1E /* tools.h */,
				4B089D28204BB19700589B1E /* json.hpp */,
				4B089D27204B33A400589B1E /* ukf.h */,
				4F4598BDAFD74133A620CB6B /* main.cpp */,
				424B09993B4040D1A61FD1B4 /* tools.cpp */,
				2ECAEB0623A84B339260CECA /* ukf.cpp */,
			);
			name = "Source Files";
			sourceTree = "<group>";
		};
		E258A64F35684E4BA6C32A4E /* ALL_BUILD */ = {
			isa = PBXGroup;
			children = (
				B2193CD1059645A5A06E6EA2 /* CMake Rules */,
				9DF9FF55BDB44EBF8C3F755D /* CMakeLists.txt */,
			);
			name = ALL_BUILD;
			sourceTree = "<group>";
		};
		FF124BDFC212484EB78E2DCD /* CMake Rules */ = {
			isa = PBXGroup;
			children = (
			);
			name = "CMake Rules";
			sourceTree = "<group>";
		};
/* End PBXGroup section */

/* Begin PBXNativeTarget section */
		A53C9A170E6E464484B1911C /* UnscentedKF */ = {
			isa = PBXNativeTarget;
			buildConfigurationList = CF2090E9C7DA461B99F290A8 /* Build configuration list for PBXNativeTarget "UnscentedKF" */;
			buildPhases = (
				DFCB1412E7844B968287C4AA /* Sources */,
			);
			buildRules = (
			);
			dependencies = (
				6B17D6EC24154D36A386F54E /* PBXTargetDependency */,
			);
			name = UnscentedKF;
			productName = UnscentedKF;
			productReference = CDAA002F15394D5589AE9A13 /* UnscentedKF */;
			productType = "com.apple.product-type.tool";
		};
/* End PBXNativeTarget section */

/* Begin PBXProject section */
		2649C86F5AAE4C46BA5542F9 /* Project object */ = {
			isa = PBXProject;
			attributes = {
				BuildIndependentTargetsInParallel = YES;
				LastUpgradeCheck = 0920;
			};
			buildConfigurationList = 8382B7A44D334F53B1DCB042 /* Build configuration list for PBXProject "UnscentedKF" */;
			compatibilityVersion = "Xcode 3.2";
			developmentRegion = en;
			hasScannedForEncodings = 0;
			knownRegions = (
				en,
			);
			mainGroup = 2E72B2EFB4FB4D69A2AD8054;
			projectDirPath = "";
			projectRoot = "";
			targets = (
				CE55CA4F243B4ED8ACED0315 /* ALL_BUILD */,
				A53C9A170E6E464484B1911C /* UnscentedKF */,
				0B7FAE0819434362935FF792 /* ZERO_CHECK */,
			);
		};
/* End PBXProject section */

/* Begin PBXShellScriptBuildPhase section */
		7198A305A4A84DEE89BE57DA /* CMake Rules */ = {
			isa = PBXShellScriptBuildPhase;
			buildActionMask = 2147483647;
			files = (
			);
			name = "CMake Rules";
			runOnlyForDeploymentPostprocessing = 0;
			shellPath = /bin/sh;
			shellScript = "make -C /Users/Percy/Projects/CarND-Unscented-Kalman-Filter-Project -f /Users/Percy/Projects/CarND-Unscented-Kalman-Filter-Project/CMakeScripts/ZERO_CHECK_cmakeRulesBuildPhase.make$CONFIGURATION all";
			showEnvVarsInLog = 0;
		};
		E980A7F013424286A31F2387 /* CMake Rules */ = {
			isa = PBXShellScriptBuildPhase;
			buildActionMask = 2147483647;
			files = (
			);
			name = "CMake Rules";
			runOnlyForDeploymentPostprocessing = 0;
			shellPath = /bin/sh;
			shellScript = "make -C /Users/Percy/Projects/CarND-Unscented-Kalman-Filter-Project -f /Users/Percy/Projects/CarND-Unscented-Kalman-Filter-Project/CMakeScripts/ALL_BUILD_cmakeRulesBuildPhase.make$CONFIGURATION all";
			showEnvVarsInLog = 0;
		};
/* End PBXShellScriptBuildPhase section */

/* Begin PBXSourcesBuildPhase section */
		DFCB1412E7844B968287C4AA /* Sources */ = {
			isa = PBXSourcesBuildPhase;
			buildActionMask = 2147483647;
			files = (
				8DA9AE6256E5435480D82600 /* main.cpp in Sources */,
				95907D1C1F08428AB7F3A99D /* tools.cpp in Sources */,
				A524617DBB5541A29BF9F456 /* ukf.cpp in Sources */,
			);
			runOnlyForDeploymentPostprocessing = 0;
		};
/* End PBXSourcesBuildPhase section */

/* Begin PBXTargetDependency section */
		67BF0998C7AC4691B3680737 /* PBXTargetDependency */ = {
			isa = PBXTargetDependency;
			target = A53C9A170E6E464484B1911C /* UnscentedKF */;
			targetProxy = FE490375F7174A4F9A244208 /* PBXContainerItemProxy */;
		};
		6B17D6EC24154D36A386F54E /* PBXTargetDependency */ = {
			isa = PBXTargetDependency;
			target = 0B7FAE0819434362935FF792 /* ZERO_CHECK */;
			targetProxy = ED588EE0F4CF40A6AD4547AA /* PBXContainerItemProxy */;
		};
		BED3E83514B64EBE91846678 /* PBXTargetDependency */ = {
			isa = PBXTargetDependency;
			target = 0B7FAE0819434362935FF792 /* ZERO_CHECK */;
			targetProxy = 1A2CE89134E84272A68B41DD /* PBXContainerItemProxy */;
		};
/* End PBXTargetDependency section */

/* Begin XCBuildConfiguration section */
		320170EA28B04045B00AFF5F /* MinSizeRel */ = {
			isa = XCBuildConfiguration;
			buildSettings = {
				COMBINE_HIDPI_IMAGES = YES;
				EXECUTABLE_PREFIX = "";
				EXECUTABLE_SUFFIX = "";
				GCC_GENERATE_DEBUGGING_SYMBOLS = NO;
				GCC_INLINES_ARE_PRIVATE_EXTERN = NO;
				GCC_OPTIMIZATION_LEVEL = s;
				GCC_PREPROCESSOR_DEFINITIONS = "'CMAKE_INTDIR=\"$(CONFIGURATION)$(EFFECTIVE_PLATFORM_NAME)\"'";
				GCC_SYMBOLS_PRIVATE_EXTERN = NO;
				HEADER_SEARCH_PATHS = (
					/usr/local/include,
					/usr/local/opt/openssl/include,
				);
				INSTALL_PATH = "";
				LD_RUNPATH_SEARCH_PATHS = "/usr/local/lib /usr/local/opt/openssl/lib /usr/local/Cellar/libuv/1*/lib";
				LIBRARY_SEARCH_PATHS = (
					"/usr/local/lib/$(CONFIGURATION)$(EFFECTIVE_PLATFORM_NAME)",
					/usr/local/lib,
					"/usr/local/opt/openssl/lib/$(CONFIGURATION)$(EFFECTIVE_PLATFORM_NAME)",
					/usr/local/opt/openssl/lib,
					"/usr/local/Cellar/libuv/1*/lib/$(CONFIGURATION)$(EFFECTIVE_PLATFORM_NAME)",
					"/usr/local/Cellar/libuv/1*/lib",
				);
				OTHER_CPLUSPLUSFLAGS = (
					"-DNDEBUG",
					"-std=c++11",
				);
				OTHER_LDFLAGS = (
					"-Wl,-search_paths_first",
					"-Wl,-headerpad_max_install_names",
					"-lz",
					"-lssl",
					"-luv",
					"-luWS",
				);
				OTHER_REZFLAGS = "";
				PRODUCT_NAME = UnscentedKF;
				SECTORDER_FLAGS = "";
				SYMROOT = "/Users/Percy/Projects/CarND-Unscented-Kalman-Filter-Project";
				USE_HEADERMAP = NO;
				WARNING_CFLAGS = (
					"-Wmost",
					"-Wno-four-char-constants",
					"-Wno-unknown-pragmas",
					"$(inherited)",
				);
			};
			name = MinSizeRel;
		};
		35693188CF67493EB7AD7799 /* MinSizeRel */ = {
			isa = XCBuildConfiguration;
			buildSettings = {
				COMBINE_HIDPI_IMAGES = YES;
				GCC_GENERATE_DEBUGGING_SYMBOLS = YES;
				GCC_INLINES_ARE_PRIVATE_EXTERN = NO;
				GCC_OPTIMIZATION_LEVEL = 0;
				GCC_PREPROCESSOR_DEFINITIONS = "'CMAKE_INTDIR=\"$(CONFIGURATION)$(EFFECTIVE_PLATFORM_NAME)\"'";
				GCC_SYMBOLS_PRIVATE_EXTERN = NO;
				HEADER_SEARCH_PATHS = (
					/usr/local/include,
					/usr/local/opt/openssl/include,
				);
				INSTALL_PATH = "";
				OTHER_LDFLAGS = " ";
				OTHER_REZFLAGS = "";
				PRODUCT_NAME = ALL_BUILD;
				SECTORDER_FLAGS = "";
				SYMROOT = "/Users/Percy/Projects/CarND-Unscented-Kalman-Filter-Project";
				USE_HEADERMAP = NO;
				WARNING_CFLAGS = (
					"-Wmost",
					"-Wno-four-char-constants",
					"-Wno-unknown-pragmas",
					"$(inherited)",
				);
			};
			name = MinSizeRel;
		};
		4221D62DC6E84B799C675BC6 /* Release */ = {
			isa = XCBuildConfiguration;
			buildSettings = {
				COMBINE_HIDPI_IMAGES = YES;
				GCC_GENERATE_DEBUGGING_SYMBOLS = YES;
				GCC_INLINES_ARE_PRIVATE_EXTERN = NO;
				GCC_OPTIMIZATION_LEVEL = 0;
				GCC_PREPROCESSOR_DEFINITIONS = "'CMAKE_INTDIR=\"$(CONFIGURATION)$(EFFECTIVE_PLATFORM_NAME)\"'";
				GCC_SYMBOLS_PRIVATE_EXTERN = NO;
				HEADER_SEARCH_PATHS = (
					/usr/local/include,
					/usr/local/opt/openssl/include,
				);
				INSTALL_PATH = "";
				OTHER_LDFLAGS = " ";
				OTHER_REZFLAGS = "";
				PRODUCT_NAME = ALL_BUILD;
				SECTORDER_FLAGS = "";
				SYMROOT = "/Users/Percy/Projects/CarND-Unscented-Kalman-Filter-Project";
				USE_HEADERMAP = NO;
				WARNING_CFLAGS = (
					"-Wmost",
					"-Wno-four-char-constants",
					"-Wno-unknown-pragmas",
					"$(inherited)",
				);
			};
			name = Release;
		};
		542C8A197EC44EFBAC4762D1 /* RelWithDebInfo */ = {
			isa = XCBuildConfiguration;
			buildSettings = {
				COMBINE_HIDPI_IMAGES = YES;
				GCC_GENERATE_DEBUGGING_SYMBOLS = YES;
				GCC_INLINES_ARE_PRIVATE_EXTERN = NO;
				GCC_OPTIMIZATION_LEVEL = 0;
				GCC_PREPROCESSOR_DEFINITIONS = "'CMAKE_INTDIR=\"$(CONFIGURATION)$(EFFECTIVE_PLATFORM_NAME)\"'";
				GCC_SYMBOLS_PRIVATE_EXTERN = NO;
				HEADER_SEARCH_PATHS = (
					/usr/local/include,
					/usr/local/opt/openssl/include,
				);
				INSTALL_PATH = "";
				OTHER_LDFLAGS = " ";
				OTHER_REZFLAGS = "";
				PRODUCT_NAME = ZERO_CHECK;
				SECTORDER_FLAGS = "";
				SYMROOT = "/Users/Percy/Projects/CarND-Unscented-Kalman-Filter-Project";
				USE_HEADERMAP = NO;
				WARNING_CFLAGS = (
					"-Wmost",
					"-Wno-four-char-constants",
					"-Wno-unknown-pragmas",
					"$(inherited)",
				);
			};
			name = RelWithDebInfo;
		};
		5D70E59A6AA44E8D89430F58 /* MinSizeRel */ = {
			isa = XCBuildConfiguration;
			buildSettings = {
				COMBINE_HIDPI_IMAGES = YES;
				GCC_GENERATE_DEBUGGING_SYMBOLS = YES;
				GCC_INLINES_ARE_PRIVATE_EXTERN = NO;
				GCC_OPTIMIZATION_LEVEL = 0;
				GCC_PREPROCESSOR_DEFINITIONS = "'CMAKE_INTDIR=\"$(CONFIGURATION)$(EFFECTIVE_PLATFORM_NAME)\"'";
				GCC_SYMBOLS_PRIVATE_EXTERN = NO;
				HEADER_SEARCH_PATHS = (
					/usr/local/include,
					/usr/local/opt/openssl/include,
				);
				INSTALL_PATH = "";
				OTHER_LDFLAGS = " ";
				OTHER_REZFLAGS = "";
				PRODUCT_NAME = ZERO_CHECK;
				SECTORDER_FLAGS = "";
				SYMROOT = "/Users/Percy/Projects/CarND-Unscented-Kalman-Filter-Project";
				USE_HEADERMAP = NO;
				WARNING_CFLAGS = (
					"-Wmost",
					"-Wno-four-char-constants",
					"-Wno-unknown-pragmas",
					"$(inherited)",
				);
			};
			name = MinSizeRel;
		};
		6803CE2E73A248F0AF25CC2B /* MinSizeRel */ = {
			isa = XCBuildConfiguration;
			buildSettings = {
				ONLY_ACTIVE_ARCH = YES;
				SDKROOT = /Applications/Xcode.app/Contents/Developer/Platforms/MacOSX.platform/Developer/SDKs/MacOSX10.13.sdk;
				SYMROOT = "/Users/Percy/Projects/CarND-Unscented-Kalman-Filter-Project/build";
			};
			name = MinSizeRel;
		};
		6CF2227323CC4A439D50871D /* Release */ = {
			isa = XCBuildConfiguration;
			buildSettings = {
				COMBINE_HIDPI_IMAGES = YES;
				GCC_GENERATE_DEBUGGING_SYMBOLS = YES;
				GCC_INLINES_ARE_PRIVATE_EXTERN = NO;
				GCC_OPTIMIZATION_LEVEL = 0;
				GCC_PREPROCESSOR_DEFINITIONS = "'CMAKE_INTDIR=\"$(CONFIGURATION)$(EFFECTIVE_PLATFORM_NAME)\"'";
				GCC_SYMBOLS_PRIVATE_EXTERN = NO;
				HEADER_SEARCH_PATHS = (
					/usr/local/include,
					/usr/local/opt/openssl/include,
				);
				INSTALL_PATH = "";
				OTHER_LDFLAGS = " ";
				OTHER_REZFLAGS = "";
				PRODUCT_NAME = ZERO_CHECK;
				SECTORDER_FLAGS = "";
				SYMROOT = "/Users/Percy/Projects/CarND-Unscented-Kalman-Filter-Project";
				USE_HEADERMAP = NO;
				WARNING_CFLAGS = (
					"-Wmost",
					"-Wno-four-char-constants",
					"-Wno-unknown-pragmas",
					"$(inherited)",
				);
			};
			name = Release;
		};
		7AB29E0A815E4DBEA04BB12C /* RelWithDebInfo */ = {
			isa = XCBuildConfiguration;
			buildSettings = {
				COMBINE_HIDPI_IMAGES = YES;
				GCC_GENERATE_DEBUGGING_SYMBOLS = YES;
				GCC_INLINES_ARE_PRIVATE_EXTERN = NO;
				GCC_OPTIMIZATION_LEVEL = 0;
				GCC_PREPROCESSOR_DEFINITIONS = "'CMAKE_INTDIR=\"$(CONFIGURATION)$(EFFECTIVE_PLATFORM_NAME)\"'";
				GCC_SYMBOLS_PRIVATE_EXTERN = NO;
				HEADER_SEARCH_PATHS = (
					/usr/local/include,
					/usr/local/opt/openssl/include,
				);
				INSTALL_PATH = "";
				OTHER_LDFLAGS = " ";
				OTHER_REZFLAGS = "";
				PRODUCT_NAME = ALL_BUILD;
				SECTORDER_FLAGS = "";
				SYMROOT = "/Users/Percy/Projects/CarND-Unscented-Kalman-Filter-Project";
				USE_HEADERMAP = NO;
				WARNING_CFLAGS = (
					"-Wmost",
					"-Wno-four-char-constants",
					"-Wno-unknown-pragmas",
					"$(inherited)",
				);
			};
			name = RelWithDebInfo;
		};
		84DD3CE9513E4E1AA09B42E4 /* Debug */ = {
			isa = XCBuildConfiguration;
			buildSettings = {
				COMBINE_HIDPI_IMAGES = YES;
				GCC_GENERATE_DEBUGGING_SYMBOLS = YES;
				GCC_INLINES_ARE_PRIVATE_EXTERN = NO;
				GCC_OPTIMIZATION_LEVEL = 0;
				GCC_PREPROCESSOR_DEFINITIONS = "'CMAKE_INTDIR=\"$(CONFIGURATION)$(EFFECTIVE_PLATFORM_NAME)\"'";
				GCC_SYMBOLS_PRIVATE_EXTERN = NO;
				HEADER_SEARCH_PATHS = (
					/usr/local/include,
					/usr/local/opt/openssl/include,
				);
				INSTALL_PATH = "";
				OTHER_LDFLAGS = " ";
				OTHER_REZFLAGS = "";
				PRODUCT_NAME = ALL_BUILD;
				SECTORDER_FLAGS = "";
				SYMROOT = "/Users/Percy/Projects/CarND-Unscented-Kalman-Filter-Project";
				USE_HEADERMAP = NO;
				WARNING_CFLAGS = (
					"-Wmost",
					"-Wno-four-char-constants",
					"-Wno-unknown-pragmas",
					"$(inherited)",
				);
			};
			name = Debug;
		};
		A589EB366E7C47B19A592572 /* Debug */ = {
			isa = XCBuildConfiguration;
			buildSettings = {
				COMBINE_HIDPI_IMAGES = YES;
				EXECUTABLE_PREFIX = "";
				EXECUTABLE_SUFFIX = "";
				GCC_GENERATE_DEBUGGING_SYMBOLS = YES;
				GCC_INLINES_ARE_PRIVATE_EXTERN = NO;
				GCC_OPTIMIZATION_LEVEL = 0;
				GCC_PREPROCESSOR_DEFINITIONS = "'CMAKE_INTDIR=\"$(CONFIGURATION)$(EFFECTIVE_PLATFORM_NAME)\"'";
				GCC_SYMBOLS_PRIVATE_EXTERN = NO;
				HEADER_SEARCH_PATHS = (
					/usr/local/include,
					/usr/local/opt/openssl/include,
				);
				INSTALL_PATH = "";
				LD_RUNPATH_SEARCH_PATHS = "/usr/local/lib /usr/local/opt/openssl/lib /usr/local/Cellar/libuv/1*/lib";
				LIBRARY_SEARCH_PATHS = (
					"/usr/local/lib/$(CONFIGURATION)$(EFFECTIVE_PLATFORM_NAME)",
					/usr/local/lib,
					"/usr/local/opt/openssl/lib/$(CONFIGURATION)$(EFFECTIVE_PLATFORM_NAME)",
					/usr/local/opt/openssl/lib,
					"/usr/local/Cellar/libuv/1*/lib/$(CONFIGURATION)$(EFFECTIVE_PLATFORM_NAME)",
					"/usr/local/Cellar/libuv/1*/lib",
				);
				OTHER_CPLUSPLUSFLAGS = "     -std=c++11";
				OTHER_LDFLAGS = (
					"-Wl,-search_paths_first",
					"-Wl,-headerpad_max_install_names",
					"-lz",
					"-lssl",
					"-luv",
					"-luWS",
				);
				OTHER_REZFLAGS = "";
				PRODUCT_NAME = UnscentedKF;
				SECTORDER_FLAGS = "";
				SYMROOT = "/Users/Percy/Projects/CarND-Unscented-Kalman-Filter-Project";
				USE_HEADERMAP = NO;
				WARNING_CFLAGS = (
					"-Wmost",
					"-Wno-four-char-constants",
					"-Wno-unknown-pragmas",
					"$(inherited)",
				);
			};
			name = Debug;
		};
		B9A7915DDDA447E8AB847298 /* RelWithDebInfo */ = {
			isa = XCBuildConfiguration;
			buildSettings = {
				COMBINE_HIDPI_IMAGES = YES;
				EXECUTABLE_PREFIX = "";
				EXECUTABLE_SUFFIX = "";
				GCC_GENERATE_DEBUGGING_SYMBOLS = YES;
				GCC_INLINES_ARE_PRIVATE_EXTERN = NO;
				GCC_OPTIMIZATION_LEVEL = 2;
				GCC_PREPROCESSOR_DEFINITIONS = "'CMAKE_INTDIR=\"$(CONFIGURATION)$(EFFECTIVE_PLATFORM_NAME)\"'";
				GCC_SYMBOLS_PRIVATE_EXTERN = NO;
				HEADER_SEARCH_PATHS = (
					/usr/local/include,
					/usr/local/opt/openssl/include,
				);
				INSTALL_PATH = "";
				LD_RUNPATH_SEARCH_PATHS = "/usr/local/lib /usr/local/opt/openssl/lib /usr/local/Cellar/libuv/1*/lib";
				LIBRARY_SEARCH_PATHS = (
					"/usr/local/lib/$(CONFIGURATION)$(EFFECTIVE_PLATFORM_NAME)",
					/usr/local/lib,
					"/usr/local/opt/openssl/lib/$(CONFIGURATION)$(EFFECTIVE_PLATFORM_NAME)",
					/usr/local/opt/openssl/lib,
					"/usr/local/Cellar/libuv/1*/lib/$(CONFIGURATION)$(EFFECTIVE_PLATFORM_NAME)",
					"/usr/local/Cellar/libuv/1*/lib",
				);
				OTHER_CPLUSPLUSFLAGS = (
					"-DNDEBUG",
					"-std=c++11",
				);
				OTHER_LDFLAGS = (
					"-Wl,-search_paths_first",
					"-Wl,-headerpad_max_install_names",
					"-lz",
					"-lssl",
					"-luv",
					"-luWS",
				);
				OTHER_REZFLAGS = "";
				PRODUCT_NAME = UnscentedKF;
				SECTORDER_FLAGS = "";
				SYMROOT = "/Users/Percy/Projects/CarND-Unscented-Kalman-Filter-Project";
				USE_HEADERMAP = NO;
				WARNING_CFLAGS = (
					"-Wmost",
					"-Wno-four-char-constants",
					"-Wno-unknown-pragmas",
					"$(inherited)",
				);
			};
			name = RelWithDebInfo;
		};
		C0A80A94D8784B35BE87ED67 /* RelWithDebInfo */ = {
			isa = XCBuildConfiguration;
			buildSettings = {
				ONLY_ACTIVE_ARCH = YES;
				SDKROOT = /Applications/Xcode.app/Contents/Developer/Platforms/MacOSX.platform/Developer/SDKs/MacOSX10.13.sdk;
				SYMROOT = "/Users/Percy/Projects/CarND-Unscented-Kalman-Filter-Project/build";
			};
			name = RelWithDebInfo;
		};
		C40A24AEC8D34CEB8B5EFDF5 /* Debug */ = {
			isa = XCBuildConfiguration;
			buildSettings = {
				ONLY_ACTIVE_ARCH = YES;
				SDKROOT = /Applications/Xcode.app/Contents/Developer/Platforms/MacOSX.platform/Developer/SDKs/MacOSX10.13.sdk;
				SYMROOT = "/Users/Percy/Projects/CarND-Unscented-Kalman-Filter-Project/build";
			};
			name = Debug;
		};
		C836F254AFA74CFCB465F8EC /* Release */ = {
			isa = XCBuildConfiguration;
			buildSettings = {
				COMBINE_HIDPI_IMAGES = YES;
				EXECUTABLE_PREFIX = "";
				EXECUTABLE_SUFFIX = "";
				GCC_GENERATE_DEBUGGING_SYMBOLS = NO;
				GCC_INLINES_ARE_PRIVATE_EXTERN = NO;
				GCC_OPTIMIZATION_LEVEL = 3;
				GCC_PREPROCESSOR_DEFINITIONS = "'CMAKE_INTDIR=\"$(CONFIGURATION)$(EFFECTIVE_PLATFORM_NAME)\"'";
				GCC_SYMBOLS_PRIVATE_EXTERN = NO;
				HEADER_SEARCH_PATHS = (
					/usr/local/include,
					/usr/local/opt/openssl/include,
				);
				INSTALL_PATH = "";
				LD_RUNPATH_SEARCH_PATHS = "/usr/local/lib /usr/local/opt/openssl/lib /usr/local/Cellar/libuv/1*/lib";
				LIBRARY_SEARCH_PATHS = (
					"/usr/local/lib/$(CONFIGURATION)$(EFFECTIVE_PLATFORM_NAME)",
					/usr/local/lib,
					"/usr/local/opt/openssl/lib/$(CONFIGURATION)$(EFFECTIVE_PLATFORM_NAME)",
					/usr/local/opt/openssl/lib,
					"/usr/local/Cellar/libuv/1*/lib/$(CONFIGURATION)$(EFFECTIVE_PLATFORM_NAME)",
					"/usr/local/Cellar/libuv/1*/lib",
				);
				OTHER_CPLUSPLUSFLAGS = (
					"-DNDEBUG",
					"-std=c++11",
				);
				OTHER_LDFLAGS = (
					"-Wl,-search_paths_first",
					"-Wl,-headerpad_max_install_names",
					"-lz",
					"-lssl",
					"-luv",
					"-luWS",
				);
				OTHER_REZFLAGS = "";
				PRODUCT_NAME = UnscentedKF;
				SECTORDER_FLAGS = "";
				SYMROOT = "/Users/Percy/Projects/CarND-Unscented-Kalman-Filter-Project";
				USE_HEADERMAP = NO;
				WARNING_CFLAGS = (
					"-Wmost",
					"-Wno-four-char-constants",
					"-Wno-unknown-pragmas",
					"$(inherited)",
				);
			};
			name = Release;
		};
		D3BBC7B1D01F48729F6A1C02 /* Release */ = {
			isa = XCBuildConfiguration;
			buildSettings = {
				ONLY_ACTIVE_ARCH = YES;
				SDKROOT = /Applications/Xcode.app/Contents/Developer/Platforms/MacOSX.platform/Developer/SDKs/MacOSX10.13.sdk;
				SYMROOT = "/Users/Percy/Projects/CarND-Unscented-Kalman-Filter-Project/build";
			};
			name = Release;
		};
		F6DA8E3DA7844DE2B34D8E1F /* Debug */ = {
			isa = XCBuildConfiguration;
			buildSettings = {
				COMBINE_HIDPI_IMAGES = YES;
				GCC_GENERATE_DEBUGGING_SYMBOLS = YES;
				GCC_INLINES_ARE_PRIVATE_EXTERN = NO;
				GCC_OPTIMIZATION_LEVEL = 0;
				GCC_PREPROCESSOR_DEFINITIONS = "'CMAKE_INTDIR=\"$(CONFIGURATION)$(EFFECTIVE_PLATFORM_NAME)\"'";
				GCC_SYMBOLS_PRIVATE_EXTERN = NO;
				HEADER_SEARCH_PATHS = (
					/usr/local/include,
					/usr/local/opt/openssl/include,
				);
				INSTALL_PATH = "";
				OTHER_LDFLAGS = " ";
				OTHER_REZFLAGS = "";
				PRODUCT_NAME = ZERO_CHECK;
				SECTORDER_FLAGS = "";
				SYMROOT = "/Users/Percy/Projects/CarND-Unscented-Kalman-Filter-Project";
				USE_HEADERMAP = NO;
				WARNING_CFLAGS = (
					"-Wmost",
					"-Wno-four-char-constants",
					"-Wno-unknown-pragmas",
					"$(inherited)",
				);
			};
			name = Debug;
		};
/* End XCBuildConfiguration section */

/* Begin XCConfigurationList section */
		600B7F3806CC43CE9B47D008 /* Build configuration list for PBXAggregateTarget "ZERO_CHECK" */ = {
			isa = XCConfigurationList;
			buildConfigurations = (
				F6DA8E3DA7844DE2B34D8E1F /* Debug */,
				6CF2227323CC4A439D50871D /* Release */,
				5D70E59A6AA44E8D89430F58 /* MinSizeRel */,
				542C8A197EC44EFBAC4762D1 /* RelWithDebInfo */,
			);
			defaultConfigurationIsVisible = 0;
			defaultConfigurationName = Debug;
		};
		704F1ADFAE774E7087A68EB2 /* Build configuration list for PBXAggregateTarget "ALL_BUILD" */ = {
			isa = XCConfigurationList;
			buildConfigurations = (
				84DD3CE9513E4E1AA09B42E4 /* Debug */,
				4221D62DC6E84B799C675BC6 /* Release */,
				35693188CF67493EB7AD7799 /* MinSizeRel */,
				7AB29E0A815E4DBEA04BB12C /* RelWithDebInfo */,
			);
			defaultConfigurationIsVisible = 0;
			defaultConfigurationName = Debug;
		};
		8382B7A44D334F53B1DCB042 /* Build configuration list for PBXProject "UnscentedKF" */ = {
			isa = XCConfigurationList;
			buildConfigurations = (
				C40A24AEC8D34CEB8B5EFDF5 /* Debug */,
				D3BBC7B1D01F48729F6A1C02 /* Release */,
				6803CE2E73A248F0AF25CC2B /* MinSizeRel */,
				C0A80A94D8784B35BE87ED67 /* RelWithDebInfo */,
			);
			defaultConfigurationIsVisible = 0;
			defaultConfigurationName = Debug;
		};
		CF2090E9C7DA461B99F290A8 /* Build configuration list for PBXNativeTarget "UnscentedKF" */ = {
			isa = XCConfigurationList;
			buildConfigurations = (
				A589EB366E7C47B19A592572 /* Debug */,
				C836F254AFA74CFCB465F8EC /* Release */,
				320170EA28B04045B00AFF5F /* MinSizeRel */,
				B9A7915DDDA447E8AB847298 /* RelWithDebInfo */,
			);
			defaultConfigurationIsVisible = 0;
			defaultConfigurationName = Debug;
		};
/* End XCConfigurationList section */
	};
	rootObject = 2649C86F5AAE4C46BA5542F9 /* Project object */;
}
